
Microsoft Visual Studio Solution File, Format Version 12.00
# Visual Studio Version 16
VisualStudioVersion = 16.0.29806.167
MinimumVisualStudioVersion = 10.0.40219.1
Project("{9A19103F-16F7-4668-BE54-9A1E7A4F7556}") = "Application", "Application\Application.csproj", "{A9A5226A-B113-4207-AEE1-E9A27AAAD426}"
	ProjectSection(ProjectDependencies) = postProject
		{A76674D3-D40B-47C6-8CA8-847F812A2B8F} = {A76674D3-D40B-47C6-8CA8-847F812A2B8F}
		{1EFF86F0-04AE-40FA-98E2-2E0ABE1DE4DC} = {1EFF86F0-04AE-40FA-98E2-2E0ABE1DE4DC}
	EndProjectSection
EndProject
Project("{9A19103F-16F7-4668-BE54-9A1E7A4F7556}") = "Depot", "Depot\Depot.csproj", "{D6CBA625-9931-4788-AC0E-5A816FB048D3}"
EndProject
Project("{9A19103F-16F7-4668-BE54-9A1E7A4F7556}") = "Models", "Models\Models.csproj", "{ED6FB96D-80FF-452A-9A1A-CF23B255C0EB}"
EndProject
Project("{9A19103F-16F7-4668-BE54-9A1E7A4F7556}") = "Interfaces", "Interfaces\Interfaces.csproj", "{A76674D3-D40B-47C6-8CA8-847F812A2B8F}"
EndProject
Project("{9A19103F-16F7-4668-BE54-9A1E7A4F7556}") = "Services", "Services\Services.csproj", "{1EFF86F0-04AE-40FA-98E2-2E0ABE1DE4DC}"
EndProject
Global
	GlobalSection(SolutionConfigurationPlatforms) = preSolution
		Debug|Any CPU = Debug|Any CPU
		Release|Any CPU = Release|Any CPU
	EndGlobalSection
	GlobalSection(ProjectConfigurationPlatforms) = postSolution
		{A9A5226A-B113-4207-AEE1-E9A27AAAD426}.Debug|Any CPU.ActiveCfg = Debug|Any CPU
		{A9A5226A-B113-4207-AEE1-E9A27AAAD426}.Debug|Any CPU.Build.0 = Debug|Any CPU
		{A9A5226A-B113-4207-AEE1-E9A27AAAD426}.Release|Any CPU.ActiveCfg = Release|Any CPU
		{A9A5226A-B113-4207-AEE1-E9A27AAAD426}.Release|Any CPU.Build.0 = Release|Any CPU
		{D6CBA625-9931-4788-AC0E-5A816FB048D3}.Debug|Any CPU.ActiveCfg = Debug|Any CPU
		{D6CBA625-9931-4788-AC0E-5A816FB048D3}.Debug|Any CPU.Build.0 = Debug|Any CPU
		{D6CBA625-9931-4788-AC0E-5A816FB048D3}.Release|Any CPU.ActiveCfg = Release|Any CPU
		{D6CBA625-9931-4788-AC0E-5A816FB048D3}.Release|Any CPU.Build.0 = Release|Any CPU
		{ED6FB96D-80FF-452A-9A1A-CF23B255C0EB}.Debug|Any CPU.ActiveCfg = Debug|Any CPU
		{ED6FB96D-80FF-452A-9A1A-CF23B255C0EB}.Debug|Any CPU.Build.0 = Debug|Any CPU
		{ED6FB96D-80FF-452A-9A1A-CF23B255C0EB}.Release|Any CPU.ActiveCfg = Release|Any CPU
		{ED6FB96D-80FF-452A-9A1A-CF23B255C0EB}.Release|Any CPU.Build.0 = Release|Any CPU
		{A76674D3-D40B-47C6-8CA8-847F812A2B8F}.Debug|Any CPU.ActiveCfg = Debug|Any CPU
		{A76674D3-D40B-47C6-8CA8-847F812A2B8F}.Debug|Any CPU.Build.0 = Debug|Any CPU
		{A76674D3-D40B-47C6-8CA8-847F812A2B8F}.Release|Any CPU.ActiveCfg = Release|Any CPU
		{A76674D3-D40B-47C6-8CA8-847F812A2B8F}.Release|Any CPU.Build.0 = Release|Any CPU
		{1EFF86F0-04AE-40FA-98E2-2E0ABE1DE4DC}.Debug|Any CPU.ActiveCfg = Debug|Any CPU
		{1EFF86F0-04AE-40FA-98E2-2E0ABE1DE4DC}.Debug|Any CPU.Build.0 = Debug|Any CPU
		{1EFF86F0-04AE-40FA-98E2-2E0ABE1DE4DC}.Release|Any CPU.ActiveCfg = Release|Any CPU
		{1EFF86F0-04AE-40FA-98E2-2E0ABE1DE4DC}.Release|Any CPU.Build.0 = Release|Any CPU
	EndGlobalSection
	GlobalSection(SolutionProperties) = preSolution
		HideSolutionNode = FALSE
	EndGlobalSection
	GlobalSection(ExtensibilityGlobals) = postSolution
		SolutionGuid = {94EB8081-04D2-4D43-B35B-3CF2FA048C2A}
	EndGlobalSection
EndGlobal
